// !$*UTF8*$!
{
	archiveVersion = 1;
	classes = {
	};
	objectVersion = 46;
	objects = {

/* Begin PBXBuildFile section */
		E71FA92C1D0216ED0053AD78 /* AppDelegate.swift in Sources */ = {isa = PBXBuildFile; fileRef = E71FA92B1D0216ED0053AD78 /* AppDelegate.swift */; };
		E71FA9311D0216ED0053AD78 /* Main.storyboard in Resources */ = {isa = PBXBuildFile; fileRef = E71FA92F1D0216ED0053AD78 /* Main.storyboard */; };
		E71FA9391D0216ED0053AD78 /* LaunchScreen.storyboard in Resources */ = {isa = PBXBuildFile; fileRef = E71FA9371D0216ED0053AD78 /* LaunchScreen.storyboard */; };
		E71FA9441D0216ED0053AD78 /* marvel_viperTests.swift in Sources */ = {isa = PBXBuildFile; fileRef = E71FA9431D0216ED0053AD78 /* marvel_viperTests.swift */; };
		E71FA94F1D0216ED0053AD78 /* marvel_viperUITests.swift in Sources */ = {isa = PBXBuildFile; fileRef = E71FA94E1D0216ED0053AD78 /* marvel_viperUITests.swift */; };
		E71FA9711D0219340053AD78 /* CharacterListConfigurator.swift in Sources */ = {isa = PBXBuildFile; fileRef = E71FA96A1D0219340053AD78 /* CharacterListConfigurator.swift */; };
		E71FA9721D0219340053AD78 /* CharacterListInteractor.swift in Sources */ = {isa = PBXBuildFile; fileRef = E71FA96B1D0219340053AD78 /* CharacterListInteractor.swift */; };
		E71FA9731D0219340053AD78 /* CharacterListPresenter.swift in Sources */ = {isa = PBXBuildFile; fileRef = E71FA96C1D0219340053AD78 /* CharacterListPresenter.swift */; };
		E71FA9741D0219340053AD78 /* CharacterListProtocols.swift in Sources */ = {isa = PBXBuildFile; fileRef = E71FA96D1D0219340053AD78 /* CharacterListProtocols.swift */; };
		E71FA9751D0219340053AD78 /* CharacterListRouter.swift in Sources */ = {isa = PBXBuildFile; fileRef = E71FA96E1D0219340053AD78 /* CharacterListRouter.swift */; };
		E71FA9761D0219340053AD78 /* CharacterListViewController.swift in Sources */ = {isa = PBXBuildFile; fileRef = E71FA96F1D0219340053AD78 /* CharacterListViewController.swift */; };
		E71FA97B1D021C4E0053AD78 /* Assets.xcassets in Resources */ = {isa = PBXBuildFile; fileRef = E71FA9771D021C4E0053AD78 /* Assets.xcassets */; };
		E71FA97C1D021C4E0053AD78 /* Info.plist in Resources */ = {isa = PBXBuildFile; fileRef = E71FA9781D021C4E0053AD78 /* Info.plist */; };
		E71FA97D1D021C4E0053AD78 /* marvel_viper.xcdatamodeld in Sources */ = {isa = PBXBuildFile; fileRef = E71FA9791D021C4E0053AD78 /* marvel_viper.xcdatamodeld */; };
/* End PBXBuildFile section */

/* Begin PBXContainerItemProxy section */
		E71FA9401D0216ED0053AD78 /* PBXContainerItemProxy */ = {
			isa = PBXContainerItemProxy;
			containerPortal = E71FA9201D0216ED0053AD78 /* Project object */;
			proxyType = 1;
			remoteGlobalIDString = E71FA9271D0216ED0053AD78;
			remoteInfo = "marvel-viper";
		};
		E71FA94B1D0216ED0053AD78 /* PBXContainerItemProxy */ = {
			isa = PBXContainerItemProxy;
			containerPortal = E71FA9201D0216ED0053AD78 /* Project object */;
			proxyType = 1;
			remoteGlobalIDString = E71FA9271D0216ED0053AD78;
			remoteInfo = "marvel-viper";
		};
/* End PBXContainerItemProxy section */

/* Begin PBXFileReference section */
		E71FA9281D0216ED0053AD78 /* marvel-viper.app */ = {isa = PBXFileReference; explicitFileType = wrapper.application; includeInIndex = 0; path = "marvel-viper.app"; sourceTree = BUILT_PRODUCTS_DIR; };
		E71FA92B1D0216ED0053AD78 /* AppDelegate.swift */ = {isa = PBXFileReference; lastKnownFileType = sourcecode.swift; path = AppDelegate.swift; sourceTree = "<group>"; };
		E71FA9301D0216ED0053AD78 /* Base */ = {isa = PBXFileReference; lastKnownFileType = file.storyboard; name = Base; path = Base.lproj/Main.storyboard; sourceTree = "<group>"; };
		E71FA9381D0216ED0053AD78 /* Base */ = {isa = PBXFileReference; lastKnownFileType = file.storyboard; name = Base; path = Base.lproj/LaunchScreen.storyboard; sourceTree = "<group>"; };
		E71FA93F1D0216ED0053AD78 /* marvel-viperTests.xctest */ = {isa = PBXFileReference; explicitFileType = wrapper.cfbundle; includeInIndex = 0; path = "marvel-viperTests.xctest"; sourceTree = BUILT_PRODUCTS_DIR; };
		E71FA9431D0216ED0053AD78 /* marvel_viperTests.swift */ = {isa = PBXFileReference; lastKnownFileType = sourcecode.swift; path = marvel_viperTests.swift; sourceTree = "<group>"; };
		E71FA9451D0216ED0053AD78 /* Info.plist */ = {isa = PBXFileReference; lastKnownFileType = text.plist.xml; path = Info.plist; sourceTree = "<group>"; };
		E71FA94A1D0216ED0053AD78 /* marvel-viperUITests.xctest */ = {isa = PBXFileReference; explicitFileType = wrapper.cfbundle; includeInIndex = 0; path = "marvel-viperUITests.xctest"; sourceTree = BUILT_PRODUCTS_DIR; };
		E71FA94E1D0216ED0053AD78 /* marvel_viperUITests.swift */ = {isa = PBXFileReference; lastKnownFileType = sourcecode.swift; path = marvel_viperUITests.swift; sourceTree = "<group>"; };
		E71FA9501D0216ED0053AD78 /* Info.plist */ = {isa = PBXFileReference; lastKnownFileType = text.plist.xml; path = Info.plist; sourceTree = "<group>"; };
		E71FA96A1D0219340053AD78 /* CharacterListConfigurator.swift */ = {isa = PBXFileReference; fileEncoding = 4; lastKnownFileType = sourcecode.swift; path = CharacterListConfigurator.swift; sourceTree = "<group>"; };
		E71FA96B1D0219340053AD78 /* CharacterListInteractor.swift */ = {isa = PBXFileReference; fileEncoding = 4; lastKnownFileType = sourcecode.swift; path = CharacterListInteractor.swift; sourceTree = "<group>"; };
		E71FA96C1D0219340053AD78 /* CharacterListPresenter.swift */ = {isa = PBXFileReference; fileEncoding = 4; lastKnownFileType = sourcecode.swift; path = CharacterListPresenter.swift; sourceTree = "<group>"; };
		E71FA96D1D0219340053AD78 /* CharacterListProtocols.swift */ = {isa = PBXFileReference; fileEncoding = 4; lastKnownFileType = sourcecode.swift; path = CharacterListProtocols.swift; sourceTree = "<group>"; };
		E71FA96E1D0219340053AD78 /* CharacterListRouter.swift */ = {isa = PBXFileReference; fileEncoding = 4; lastKnownFileType = sourcecode.swift; path = CharacterListRouter.swift; sourceTree = "<group>"; };
		E71FA96F1D0219340053AD78 /* CharacterListViewController.swift */ = {isa = PBXFileReference; fileEncoding = 4; lastKnownFileType = sourcecode.swift; path = CharacterListViewController.swift; sourceTree = "<group>"; };
		E71FA9771D021C4E0053AD78 /* Assets.xcassets */ = {isa = PBXFileReference; lastKnownFileType = folder.assetcatalog; path = Assets.xcassets; sourceTree = "<group>"; };
		E71FA9781D021C4E0053AD78 /* Info.plist */ = {isa = PBXFileReference; fileEncoding = 4; lastKnownFileType = text.plist.xml; path = Info.plist; sourceTree = "<group>"; };
		E71FA97A1D021C4E0053AD78 /* marvel_viper.xcdatamodel */ = {isa = PBXFileReference; lastKnownFileType = wrapper.xcdatamodel; path = marvel_viper.xcdatamodel; sourceTree = "<group>"; };
/* End PBXFileReference section */

/* Begin PBXFrameworksBuildPhase section */
		E71FA9251D0216ED0053AD78 /* Frameworks */ = {
			isa = PBXFrameworksBuildPhase;
			buildActionMask = 2147483647;
			files = (
			);
			runOnlyForDeploymentPostprocessing = 0;
		};
		E71FA93C1D0216ED0053AD78 /* Frameworks */ = {
			isa = PBXFrameworksBuildPhase;
			buildActionMask = 2147483647;
			files = (
			);
			runOnlyForDeploymentPostprocessing = 0;
		};
		E71FA9471D0216ED0053AD78 /* Frameworks */ = {
			isa = PBXFrameworksBuildPhase;
			buildActionMask = 2147483647;
			files = (
			);
			runOnlyForDeploymentPostprocessing = 0;
		};
/* End PBXFrameworksBuildPhase section */

/* Begin PBXGroup section */
		E71FA91F1D0216ED0053AD78 = {
			isa = PBXGroup;
			children = (
				E71FA92A1D0216ED0053AD78 /* marvel-viper */,
				E71FA9421D0216ED0053AD78 /* marvel-viperTests */,
				E71FA94D1D0216ED0053AD78 /* marvel-viperUITests */,
				E71FA9291D0216ED0053AD78 /* Products */,
			);
			sourceTree = "<group>";
		};
		E71FA9291D0216ED0053AD78 /* Products */ = {
			isa = PBXGroup;
			children = (
				E71FA9281D0216ED0053AD78 /* marvel-viper.app */,
				E71FA93F1D0216ED0053AD78 /* marvel-viperTests.xctest */,
				E71FA94A1D0216ED0053AD78 /* marvel-viperUITests.xctest */,
			);
			name = Products;
			sourceTree = "<group>";
		};
		E71FA92A1D0216ED0053AD78 /* marvel-viper */ = {
			isa = PBXGroup;
			children = (
				E71FA92B1D0216ED0053AD78 /* AppDelegate.swift */,
				E71FA92F1D0216ED0053AD78 /* Main.storyboard */,
				E71FA9681D0219340053AD78 /* Modules */,
				E71FA9701D0219340053AD78 /* Supporting Files */,
			);
			path = "marvel-viper";
			sourceTree = "<group>";
		};
		E71FA9421D0216ED0053AD78 /* marvel-viperTests */ = {
			isa = PBXGroup;
			children = (
				E71FA9431D0216ED0053AD78 /* marvel_viperTests.swift */,
				E71FA9451D0216ED0053AD78 /* Info.plist */,
			);
			path = "marvel-viperTests";
			sourceTree = "<group>";
		};
		E71FA94D1D0216ED0053AD78 /* marvel-viperUITests */ = {
			isa = PBXGroup;
			children = (
				E71FA94E1D0216ED0053AD78 /* marvel_viperUITests.swift */,
				E71FA9501D0216ED0053AD78 /* Info.plist */,
			);
			path = "marvel-viperUITests";
			sourceTree = "<group>";
		};
		E71FA9681D0219340053AD78 /* Modules */ = {
			isa = PBXGroup;
			children = (
				E71FA9691D0219340053AD78 /* CharacterViewController */,
			);
			path = Modules;
			sourceTree = "<group>";
		};
		E71FA9691D0219340053AD78 /* CharacterViewController */ = {
			isa = PBXGroup;
			children = (
				E71FA96A1D0219340053AD78 /* CharacterListConfigurator.swift */,
				E71FA96B1D0219340053AD78 /* CharacterListInteractor.swift */,
				E71FA96C1D0219340053AD78 /* CharacterListPresenter.swift */,
				E71FA96D1D0219340053AD78 /* CharacterListProtocols.swift */,
				E71FA96E1D0219340053AD78 /* CharacterListRouter.swift */,
				E71FA96F1D0219340053AD78 /* CharacterListViewController.swift */,
			);
			path = CharacterViewController;
			sourceTree = "<group>";
		};
		E71FA9701D0219340053AD78 /* Supporting Files */ = {
			isa = PBXGroup;
			children = (
				E71FA9771D021C4E0053AD78 /* Assets.xcassets */,
				E71FA9781D021C4E0053AD78 /* Info.plist */,
				E71FA9791D021C4E0053AD78 /* marvel_viper.xcdatamodeld */,
				E71FA9371D0216ED0053AD78 /* LaunchScreen.storyboard */,
			);
			path = "Supporting Files";
			sourceTree = "<group>";
		};
/* End PBXGroup section */

/* Begin PBXNativeTarget section */
		E71FA9271D0216ED0053AD78 /* marvel-viper */ = {
			isa = PBXNativeTarget;
			buildConfigurationList = E71FA9531D0216ED0053AD78 /* Build configuration list for PBXNativeTarget "marvel-viper" */;
			buildPhases = (
				E71FA9241D0216ED0053AD78 /* Sources */,
				E71FA9251D0216ED0053AD78 /* Frameworks */,
				E71FA9261D0216ED0053AD78 /* Resources */,
			);
			buildRules = (
			);
			dependencies = (
			);
			name = "marvel-viper";
			productName = "marvel-viper";
			productReference = E71FA9281D0216ED0053AD78 /* marvel-viper.app */;
			productType = "com.apple.product-type.application";
		};
		E71FA93E1D0216ED0053AD78 /* marvel-viperTests */ = {
			isa = PBXNativeTarget;
			buildConfigurationList = E71FA9561D0216ED0053AD78 /* Build configuration list for PBXNativeTarget "marvel-viperTests" */;
			buildPhases = (
				E71FA93B1D0216ED0053AD78 /* Sources */,
				E71FA93C1D0216ED0053AD78 /* Frameworks */,
				E71FA93D1D0216ED0053AD78 /* Resources */,
			);
			buildRules = (
			);
			dependencies = (
				E71FA9411D0216ED0053AD78 /* PBXTargetDependency */,
			);
			name = "marvel-viperTests";
			productName = "marvel-viperTests";
			productReference = E71FA93F1D0216ED0053AD78 /* marvel-viperTests.xctest */;
			productType = "com.apple.product-type.bundle.unit-test";
		};
		E71FA9491D0216ED0053AD78 /* marvel-viperUITests */ = {
			isa = PBXNativeTarget;
			buildConfigurationList = E71FA9591D0216ED0053AD78 /* Build configuration list for PBXNativeTarget "marvel-viperUITests" */;
			buildPhases = (
				E71FA9461D0216ED0053AD78 /* Sources */,
				E71FA9471D0216ED0053AD78 /* Frameworks */,
				E71FA9481D0216ED0053AD78 /* Resources */,
			);
			buildRules = (
			);
			dependencies = (
				E71FA94C1D0216ED0053AD78 /* PBXTargetDependency */,
			);
			name = "marvel-viperUITests";
			productName = "marvel-viperUITests";
			productReference = E71FA94A1D0216ED0053AD78 /* marvel-viperUITests.xctest */;
			productType = "com.apple.product-type.bundle.ui-testing";
		};
/* End PBXNativeTarget section */

/* Begin PBXProject section */
		E71FA9201D0216ED0053AD78 /* Project object */ = {
			isa = PBXProject;
			attributes = {
				LastSwiftUpdateCheck = 0730;
				LastUpgradeCheck = 0730;
				ORGANIZATIONNAME = "Alan Lira";
				TargetAttributes = {
					E71FA9271D0216ED0053AD78 = {
						CreatedOnToolsVersion = 7.3.1;
					};
					E71FA93E1D0216ED0053AD78 = {
						CreatedOnToolsVersion = 7.3.1;
						TestTargetID = E71FA9271D0216ED0053AD78;
					};
					E71FA9491D0216ED0053AD78 = {
						CreatedOnToolsVersion = 7.3.1;
						TestTargetID = E71FA9271D0216ED0053AD78;
					};
				};
			};
			buildConfigurationList = E71FA9231D0216ED0053AD78 /* Build configuration list for PBXProject "marvel-viper" */;
			compatibilityVersion = "Xcode 3.2";
			developmentRegion = English;
			hasScannedForEncodings = 0;
			knownRegions = (
				en,
				Base,
			);
			mainGroup = E71FA91F1D0216ED0053AD78;
			productRefGroup = E71FA9291D0216ED0053AD78 /* Products */;
			projectDirPath = "";
			projectRoot = "";
			targets = (
				E71FA9271D0216ED0053AD78 /* marvel-viper */,
				E71FA93E1D0216ED0053AD78 /* marvel-viperTests */,
				E71FA9491D0216ED0053AD78 /* marvel-viperUITests */,
			);
		};
/* End PBXProject section */

/* Begin PBXResourcesBuildPhase section */
		E71FA9261D0216ED0053AD78 /* Resources */ = {
			isa = PBXResourcesBuildPhase;
			buildActionMask = 2147483647;
			files = (
				E71FA97C1D021C4E0053AD78 /* Info.plist in Resources */,
				E71FA9391D0216ED0053AD78 /* LaunchScreen.storyboard in Resources */,
				E71FA97B1D021C4E0053AD78 /* Assets.xcassets in Resources */,
				E71FA9311D0216ED0053AD78 /* Main.storyboard in Resources */,
			);
			runOnlyForDeploymentPostprocessing = 0;
		};
		E71FA93D1D0216ED0053AD78 /* Resources */ = {
			isa = PBXResourcesBuildPhase;
			buildActionMask = 2147483647;
			files = (
			);
			runOnlyForDeploymentPostprocessing = 0;
		};
		E71FA9481D0216ED0053AD78 /* Resources */ = {
			isa = PBXResourcesBuildPhase;
			buildActionMask = 2147483647;
			files = (
			);
			runOnlyForDeploymentPostprocessing = 0;
		};
/* End PBXResourcesBuildPhase section */

/* Begin PBXSourcesBuildPhase section */
		E71FA9241D0216ED0053AD78 /* Sources */ = {
			isa = PBXSourcesBuildPhase;
			buildActionMask = 2147483647;
			files = (
				E71FA9741D0219340053AD78 /* CharacterListProtocols.swift in Sources */,
				E71FA9721D0219340053AD78 /* CharacterListInteractor.swift in Sources */,
				E71FA9761D0219340053AD78 /* CharacterListViewController.swift in Sources */,
				E71FA9711D0219340053AD78 /* CharacterListConfigurator.swift in Sources */,
				E71FA9731D0219340053AD78 /* CharacterListPresenter.swift in Sources */,
				E71FA97D1D021C4E0053AD78 /* marvel_viper.xcdatamodeld in Sources */,
				E71FA9751D0219340053AD78 /* CharacterListRouter.swift in Sources */,
				E71FA92C1D0216ED0053AD78 /* AppDelegate.swift in Sources */,
			);
			runOnlyForDeploymentPostprocessing = 0;
		};
		E71FA93B1D0216ED0053AD78 /* Sources */ = {
			isa = PBXSourcesBuildPhase;
			buildActionMask = 2147483647;
			files = (
				E71FA9441D0216ED0053AD78 /* marvel_viperTests.swift in Sources */,
			);
			runOnlyForDeploymentPostprocessing = 0;
		};
		E71FA9461D0216ED0053AD78 /* Sources */ = {
			isa = PBXSourcesBuildPhase;
			buildActionMask = 2147483647;
			files = (
				E71FA94F1D0216ED0053AD78 /* marvel_viperUITests.swift in Sources */,
			);
			runOnlyForDeploymentPostprocessing = 0;
		};
/* End PBXSourcesBuildPhase section */

/* Begin PBXTargetDependency section */
		E71FA9411D0216ED0053AD78 /* PBXTargetDependency */ = {
			isa = PBXTargetDependency;
			target = E71FA9271D0216ED0053AD78 /* marvel-viper */;
			targetProxy = E71FA9401D0216ED0053AD78 /* PBXContainerItemProxy */;
		};
		E71FA94C1D0216ED0053AD78 /* PBXTargetDependency */ = {
			isa = PBXTargetDependency;
			target = E71FA9271D0216ED0053AD78 /* marvel-viper */;
			targetProxy = E71FA94B1D0216ED0053AD78 /* PBXContainerItemProxy */;
		};
/* End PBXTargetDependency section */

/* Begin PBXVariantGroup section */
		E71FA92F1D0216ED0053AD78 /* Main.storyboard */ = {
			isa = PBXVariantGroup;
			children = (
				E71FA9301D0216ED0053AD78 /* Base */,
			);
			name = Main.storyboard;
			sourceTree = "<group>";
		};
		E71FA9371D0216ED0053AD78 /* LaunchScreen.storyboard */ = {
			isa = PBXVariantGroup;
			children = (
				E71FA9381D0216ED0053AD78 /* Base */,
			);
			name = LaunchScreen.storyboard;
			path = ..;
			sourceTree = "<group>";
		};
/* End PBXVariantGroup section */

/* Begin XCBuildConfiguration section */
		E71FA9511D0216ED0053AD78 /* Debug */ = {
			isa = XCBuildConfiguration;
			buildSettings = {
				ALWAYS_SEARCH_USER_PATHS = NO;
				CLANG_ANALYZER_NONNULL = YES;
				CLANG_CXX_LANGUAGE_STANDARD = "gnu++0x";
				CLANG_CXX_LIBRARY = "libc++";
				CLANG_ENABLE_MODULES = YES;
				CLANG_ENABLE_OBJC_ARC = YES;
				CLANG_WARN_BOOL_CONVERSION = YES;
				CLANG_WARN_CONSTANT_CONVERSION = YES;
				CLANG_WARN_DIRECT_OBJC_ISA_USAGE = YES_ERROR;
				CLANG_WARN_EMPTY_BODY = YES;
				CLANG_WARN_ENUM_CONVERSION = YES;
				CLANG_WARN_INT_CONVERSION = YES;
				CLANG_WARN_OBJC_ROOT_CLASS = YES_ERROR;
				CLANG_WARN_UNREACHABLE_CODE = YES;
				CLANG_WARN__DUPLICATE_METHOD_MATCH = YES;
				"CODE_SIGN_IDENTITY[sdk=iphoneos*]" = "iPhone Developer";
				COPY_PHASE_STRIP = NO;
				DEBUG_INFORMATION_FORMAT = dwarf;
				ENABLE_STRICT_OBJC_MSGSEND = YES;
				ENABLE_TESTABILITY = YES;
				GCC_C_LANGUAGE_STANDARD = gnu99;
				GCC_DYNAMIC_NO_PIC = NO;
				GCC_NO_COMMON_BLOCKS = YES;
				GCC_OPTIMIZATION_LEVEL = 0;
				GCC_PREPROCESSOR_DEFINITIONS = (
					"DEBUG=1",
					"$(inherited)",
				);
				GCC_WARN_64_TO_32_BIT_CONVERSION = YES;
				GCC_WARN_ABOUT_RETURN_TYPE = YES_ERROR;
				GCC_WARN_UNDECLARED_SELECTOR = YES;
				GCC_WARN_UNINITIALIZED_AUTOS = YES_AGGRESSIVE;
				GCC_WARN_UNUSED_FUNCTION = YES;
				GCC_WARN_UNUSED_VARIABLE = YES;
				IPHONEOS_DEPLOYMENT_TARGET = 9.3;
				MTL_ENABLE_DEBUG_INFO = YES;
				ONLY_ACTIVE_ARCH = YES;
				SDKROOT = iphoneos;
				SWIFT_OPTIMIZATION_LEVEL = "-Onone";
				TARGETED_DEVICE_FAMILY = "1,2";
			};
			name = Debug;
		};
		E71FA9521D0216ED0053AD78 /* Release */ = {
			isa = XCBuildConfiguration;
			buildSettings = {
				ALWAYS_SEARCH_USER_PATHS = NO;
				CLANG_ANALYZER_NONNULL = YES;
				CLANG_CXX_LANGUAGE_STANDARD = "gnu++0x";
				CLANG_CXX_LIBRARY = "libc++";
				CLANG_ENABLE_MODULES = YES;
				CLANG_ENABLE_OBJC_ARC = YES;
				CLANG_WARN_BOOL_CONVERSION = YES;
				CLANG_WARN_CONSTANT_CONVERSION = YES;
				CLANG_WARN_DIRECT_OBJC_ISA_USAGE = YES_ERROR;
				CLANG_WARN_EMPTY_BODY = YES;
				CLANG_WARN_ENUM_CONVERSION = YES;
				CLANG_WARN_INT_CONVERSION = YES;
				CLANG_WARN_OBJC_ROOT_CLASS = YES_ERROR;
				CLANG_WARN_UNREACHABLE_CODE = YES;
				CLANG_WARN__DUPLICATE_METHOD_MATCH = YES;
				"CODE_SIGN_IDENTITY[sdk=iphoneos*]" = "iPhone Developer";
				COPY_PHASE_STRIP = NO;
				DEBUG_INFORMATION_FORMAT = "dwarf-with-dsym";
				ENABLE_NS_ASSERTIONS = NO;
				ENABLE_STRICT_OBJC_MSGSEND = YES;
				GCC_C_LANGUAGE_STANDARD = gnu99;
				GCC_NO_COMMON_BLOCKS = YES;
				GCC_WARN_64_TO_32_BIT_CONVERSION = YES;
				GCC_WARN_ABOUT_RETURN_TYPE = YES_ERROR;
				GCC_WARN_UNDECLARED_SELECTOR = YES;
				GCC_WARN_UNINITIALIZED_AUTOS = YES_AGGRESSIVE;
				GCC_WARN_UNUSED_FUNCTION = YES;
				GCC_WARN_UNUSED_VARIABLE = YES;
				IPHONEOS_DEPLOYMENT_TARGET = 9.3;
				MTL_ENABLE_DEBUG_INFO = NO;
				SDKROOT = iphoneos;
				TARGETED_DEVICE_FAMILY = "1,2";
				VALIDATE_PRODUCT = YES;
			};
			name = Release;
		};
		E71FA9541D0216ED0053AD78 /* Debug */ = {
			isa = XCBuildConfiguration;
			buildSettings = {
				ASSETCATALOG_COMPILER_APPICON_NAME = AppIcon;
				INFOPLIST_FILE = "marvel-viper/Info.plist";
				LD_RUNPATH_SEARCH_PATHS = "$(inherited) @executable_path/Frameworks";
				PRODUCT_BUNDLE_IDENTIFIER = "com.ios.marvel-viper";
				PRODUCT_NAME = "$(TARGET_NAME)";
			};
			name = Debug;
		};
		E71FA9551D0216ED0053AD78 /* Release */ = {
			isa = XCBuildConfiguration;
			buildSettings = {
				ASSETCATALOG_COMPILER_APPICON_NAME = AppIcon;
				INFOPLIST_FILE = "marvel-viper/Info.plist";
				LD_RUNPATH_SEARCH_PATHS = "$(inherited) @executable_path/Frameworks";
				PRODUCT_BUNDLE_IDENTIFIER = "com.ios.marvel-viper";
				PRODUCT_NAME = "$(TARGET_NAME)";
			};
			name = Release;
		};
		E71FA9571D0216ED0053AD78 /* Debug */ = {
			isa = XCBuildConfiguration;
			buildSettings = {
				BUNDLE_LOADER = "$(TEST_HOST)";
				INFOPLIST_FILE = "marvel-viperTests/Info.plist";
				LD_RUNPATH_SEARCH_PATHS = "$(inherited) @executable_path/Frameworks @loader_path/Frameworks";
				PRODUCT_BUNDLE_IDENTIFIER = "com.ios.marvel-viperTests";
				PRODUCT_NAME = "$(TARGET_NAME)";
				TEST_HOST = "$(BUILT_PRODUCTS_DIR)/marvel-viper.app/marvel-viper";
			};
			name = Debug;
		};
		E71FA9581D0216ED0053AD78 /* Release */ = {
			isa = XCBuildConfiguration;
			buildSettings = {
				BUNDLE_LOADER = "$(TEST_HOST)";
				INFOPLIST_FILE = "marvel-viperTests/Info.plist";
				LD_RUNPATH_SEARCH_PATHS = "$(inherited) @executable_path/Frameworks @loader_path/Frameworks";
				PRODUCT_BUNDLE_IDENTIFIER = "com.ios.marvel-viperTests";
				PRODUCT_NAME = "$(TARGET_NAME)";
				TEST_HOST = "$(BUILT_PRODUCTS_DIR)/marvel-viper.app/marvel-viper";
			};
			name = Release;
		};
		E71FA95A1D0216ED0053AD78 /* Debug */ = {
			isa = XCBuildConfiguration;
			buildSettings = {
				INFOPLIST_FILE = "marvel-viperUITests/Info.plist";
				LD_RUNPATH_SEARCH_PATHS = "$(inherited) @executable_path/Frameworks @loader_path/Frameworks";
				PRODUCT_BUNDLE_IDENTIFIER = "com.ios.marvel-viperUITests";
				PRODUCT_NAME = "$(TARGET_NAME)";
				TEST_TARGET_NAME = "marvel-viper";
			};
			name = Debug;
		};
		E71FA95B1D0216ED0053AD78 /* Release */ = {
			isa = XCBuildConfiguration;
			buildSettings = {
				INFOPLIST_FILE = "marvel-viperUITests/Info.plist";
				LD_RUNPATH_SEARCH_PATHS = "$(inherited) @executable_path/Frameworks @loader_path/Frameworks";
				PRODUCT_BUNDLE_IDENTIFIER = "com.ios.marvel-viperUITests";
				PRODUCT_NAME = "$(TARGET_NAME)";
				TEST_TARGET_NAME = "marvel-viper";
			};
			name = Release;
		};
/* End XCBuildConfiguration section */

/* Begin XCConfigurationList section */
		E71FA9231D0216ED0053AD78 /* Build configuration list for PBXProject "marvel-viper" */ = {
			isa = XCConfigurationList;
			buildConfigurations = (
				E71FA9511D0216ED0053AD78 /* Debug */,
				E71FA9521D0216ED0053AD78 /* Release */,
			);
			defaultConfigurationIsVisible = 0;
			defaultConfigurationName = Release;
		};
		E71FA9531D0216ED0053AD78 /* Build configuration list for PBXNativeTarget "marvel-viper" */ = {
			isa = XCConfigurationList;
			buildConfigurations = (
				E71FA9541D0216ED0053AD78 /* Debug */,
				E71FA9551D0216ED0053AD78 /* Release */,
			);
			defaultConfigurationIsVisible = 0;
		};
		E71FA9561D0216ED0053AD78 /* Build configuration list for PBXNativeTarget "marvel-viperTests" */ = {
			isa = XCConfigurationList;
			buildConfigurations = (
				E71FA9571D0216ED0053AD78 /* Debug */,
				E71FA9581D0216ED0053AD78 /* Release */,
			);
			defaultConfigurationIsVisible = 0;
		};
		E71FA9591D0216ED0053AD78 /* Build configuration list for PBXNativeTarget "marvel-viperUITests" */ = {
			isa = XCConfigurationList;
			buildConfigurations = (
				E71FA95A1D0216ED0053AD78 /* Debug */,
				E71FA95B1D0216ED0053AD78 /* Release */,
			);
			defaultConfigurationIsVisible = 0;
		};
/* End XCConfigurationList section */

/* Begin XCVersionGroup section */
		E71FA9791D021C4E0053AD78 /* marvel_viper.xcdatamodeld */ = {
			isa = XCVersionGroup;
			children = (
				E71FA97A1D021C4E0053AD78 /* marvel_viper.xcdatamodel */,
			);
			currentVersion = E71FA97A1D021C4E0053AD78 /* marvel_viper.xcdatamodel */;
			path = marvel_viper.xcdatamodeld;
			sourceTree = "<group>";
			versionGroupType = wrapper.xcdatamodel;
		};
/* End XCVersionGroup section */
	};
	rootObject = E71FA9201D0216ED0053AD78 /* Project object */;
}
